
Microsoft Visual Studio Solution File, Format Version 11.00
# Visual Studio 2010
Project("{8BC9CEB8-8B4A-11D0-8D11-00A0C91BC942}") = "TGCMiner", "TGCMiner\TGCMiner.vcxproj", "{7FBF0954-78CD-4080-8E7B-E4381208BAFE}"
EndProject
Global
	GlobalSection(SolutionConfigurationPlatforms) = preSolution
		Debug|Win32 = Debug|Win32
		Release|Win32 = Release|Win32
	EndGlobalSection
	GlobalSection(ProjectConfigurationPlatforms) = postSolution
		{7FBF0954-78CD-4080-8E7B-E4381208BAFE}.Debug|Win32.ActiveCfg = Debug|Win32
		{7FBF0954-78CD-4080-8E7B-E4381208BAFE}.Debug|Win32.Build.0 = Debug|Win32
		{7FBF0954-78CD-4080-8E7B-E4381208BAFE}.Release|Win32.ActiveCfg = Release|Win32
		{7FBF0954-78CD-4080-8E7B-E4381208BAFE}.Release|Win32.Build.0 = Release|Win32
	EndGlobalSection
	GlobalSection(SolutionProperties) = preSolution
		HideSolutionNode = FALSE
	EndGlobalSection
EndGlobal
